
Microsoft Visual Studio Solution File, Format Version 12.00
# Visual Studio 2013
VisualStudioVersion = 12.0.40629.0
MinimumVisualStudioVersion = 10.0.40219.1
Project("{FAE04EC0-301F-11D3-BF4B-00C04F79EFBC}") = "ZutoKata", "ZutoKata\ZutoKata.csproj", "{CDD96EAE-C54F-44FB-AC30-17BB2879F440}"
EndProject
Project("{FAE04EC0-301F-11D3-BF4B-00C04F79EFBC}") = "UnitTests", "UnitTests\UnitTests.csproj", "{30F65C4F-E224-4055-A425-B8754B2DF76E}"
EndProject
Project("{2150E333-8FDC-42A3-9474-1A3956D46DE8}") = "Instructions", "Instructions", "{1B5D6495-4DB2-4386-9262-8B7690D3BD1A}"
	ProjectSection(SolutionItems) = preProject
		Kata1.txt = Kata1.txt
	EndProjectSection
EndProject
Global
	GlobalSection(SolutionConfigurationPlatforms) = preSolution
		Debug|Any CPU = Debug|Any CPU
		Release|Any CPU = Release|Any CPU
	EndGlobalSection
	GlobalSection(ProjectConfigurationPlatforms) = postSolution
		{CDD96EAE-C54F-44FB-AC30-17BB2879F440}.Debug|Any CPU.ActiveCfg = Debug|Any CPU
		{CDD96EAE-C54F-44FB-AC30-17BB2879F440}.Debug|Any CPU.Build.0 = Debug|Any CPU
		{CDD96EAE-C54F-44FB-AC30-17BB2879F440}.Release|Any CPU.ActiveCfg = Release|Any CPU
		{CDD96EAE-C54F-44FB-AC30-17BB2879F440}.Release|Any CPU.Build.0 = Release|Any CPU
		{30F65C4F-E224-4055-A425-B8754B2DF76E}.Debug|Any CPU.ActiveCfg = Debug|Any CPU
		{30F65C4F-E224-4055-A425-B8754B2DF76E}.Debug|Any CPU.Build.0 = Debug|Any CPU
		{30F65C4F-E224-4055-A425-B8754B2DF76E}.Release|Any CPU.ActiveCfg = Release|Any CPU
		{30F65C4F-E224-4055-A425-B8754B2DF76E}.Release|Any CPU.Build.0 = Release|Any CPU
	EndGlobalSection
	GlobalSection(SolutionProperties) = preSolution
		HideSolutionNode = FALSE
	EndGlobalSection
EndGlobal
